{
  "requires": true,
  "lockfileVersion": 1,
  "dependencies": {
    "commander": {
      "version": "8.2.0",
      "resolved": "https://registry.nlark.com/commander/download/commander-8.2.0.tgz?cache=0&sync_timestamp=1631257258846&other_urls=https%3A%2F%2Fregistry.nlark.com%2Fcommander%2Fdownload%2Fcommander-8.2.0.tgz",
      "integrity": "sha1-N/4r3jAdh9R6U63v+LWRXbE4HKg="
    },
    "mockjs": {
      "version": "1.1.0",
      "resolved": "https://registry.nlark.com/mockjs/download/mockjs-1.1.0.tgz",
      "integrity": "sha1-5qDDeOkZBtuv8gkRzAJzs8fXWwY=",
      "requires": {
        "commander": "*"
      }
    }
  }
}
