# THIS IS AN AUTOGENERATED FILE. DO NOT EDIT THIS FILE DIRECTLY.
# yarn lockfile v1


flow-bin@^0.161.0:
  version "0.161.0"
  resolved "https://registry.npmmirror.com/flow-bin/download/flow-bin-0.161.0.tgz#1c03ea4a9e3036a8bc639f050bd8dc6f5288e8bb"
  integrity sha1-HAPqSp4wNqi8Y58FC9jcb1KI6Ls=

flow-parser@^0.161.0:
  version "0.161.0"
  resolved "https://registry.npmmirror.com/flow-parser/download/flow-parser-0.161.0.tgz#9b8d892deaca8c180ffaf332c1d1eef44902397c"
  integrity sha1-m42JLerKjBgP+vMywdHu9EkCOXw=

flow-remove-types@^2.161.0:
  version "2.161.0"
  resolved "https://registry.npmmirror.com/flow-remove-types/download/flow-remove-types-2.161.0.tgz#e52cf3528f4199fa2045b9019603eeb2d0720d6f"
  integrity sha1-5SzzUo9BmfogRbkBlgPustByDW8=
  dependencies:
    flow-parser "^0.161.0"
    pirates "^3.0.2"
    vlq "^0.2.1"

node-modules-regexp@^1.0.0:
  version "1.0.0"
  resolved "https://registry.nlark.com/node-modules-regexp/download/node-modules-regexp-1.0.0.tgz#8d9dbe28964a4ac5712e9131642107c71e90ec40"
  integrity sha1-jZ2+KJZKSsVxLpExZCEHxx6Q7EA=

pirates@^3.0.2:
  version "3.0.2"
  resolved "https://registry.nlark.com/pirates/download/pirates-3.0.2.tgz#7e6f85413fd9161ab4e12b539b06010d85954bb9"
  integrity sha1-fm+FQT/ZFhq04StTmwYBDYWVS7k=
  dependencies:
    node-modules-regexp "^1.0.0"

vlq@^0.2.1:
  version "0.2.3"
  resolved "https://registry.nlark.com/vlq/download/vlq-0.2.3.tgz#8f3e4328cf63b1540c0d67e1b2778386f8975b26"
  integrity sha1-jz5DKM9jsVQMDWfhsneDhviXWyY=
